
Microsoft Visual Studio Solution File, Format Version 12.00
# Visual Studio Version 17
VisualStudioVersion = 17.0.31710.8
MinimumVisualStudioVersion = 10.0.40219.1
Project("{9A19103F-16F7-4668-BE54-9A1E7A4F7556}") = "SignalR.Server", "SignaRl.Server\SignalR.Server.csproj", "{58F99B8C-6F9F-400A-9E23-C1F1E2CEF510}"
EndProject
Project("{FAE04EC0-301F-11D3-BF4B-00C04F79EFBC}") = "SignalR.Client.Dotnet.ConsoleClient", "SignalR.Client.Dotnet.Console\SignalR.Client.Dotnet.ConsoleClient.csproj", "{6332F21C-C273-42D8-9438-FBF492DC5F61}"
EndProject
Global
	GlobalSection(SolutionConfigurationPlatforms) = preSolution
		Debug|Any CPU = Debug|Any CPU
		Release|Any CPU = Release|Any CPU
	EndGlobalSection
	GlobalSection(ProjectConfigurationPlatforms) = postSolution
		{58F99B8C-6F9F-400A-9E23-C1F1E2CEF510}.Debug|Any CPU.ActiveCfg = Debug|Any CPU
		{58F99B8C-6F9F-400A-9E23-C1F1E2CEF510}.Debug|Any CPU.Build.0 = Debug|Any CPU
		{58F99B8C-6F9F-400A-9E23-C1F1E2CEF510}.Release|Any CPU.ActiveCfg = Release|Any CPU
		{58F99B8C-6F9F-400A-9E23-C1F1E2CEF510}.Release|Any CPU.Build.0 = Release|Any CPU
		{6332F21C-C273-42D8-9438-FBF492DC5F61}.Debug|Any CPU.ActiveCfg = Debug|Any CPU
		{6332F21C-C273-42D8-9438-FBF492DC5F61}.Debug|Any CPU.Build.0 = Debug|Any CPU
		{6332F21C-C273-42D8-9438-FBF492DC5F61}.Release|Any CPU.ActiveCfg = Release|Any CPU
		{6332F21C-C273-42D8-9438-FBF492DC5F61}.Release|Any CPU.Build.0 = Release|Any CPU
	EndGlobalSection
	GlobalSection(SolutionProperties) = preSolution
		HideSolutionNode = FALSE
	EndGlobalSection
	GlobalSection(ExtensibilityGlobals) = postSolution
		SolutionGuid = {83A1D638-BFE7-4815-ADA6-8AAB0CB65664}
	EndGlobalSection
EndGlobal
